
Microsoft Visual Studio Solution File, Format Version 12.00
# Visual Studio Version 16
VisualStudioVersion = 25.0.1706.0
MinimumVisualStudioVersion = 10.0.40219.1
Project("{FAE04EC0-301F-11D3-BF4B-00C04F79EFBC}") = "Bosai.Interview.API", "Bosai.Interview.API\Bosai.Interview.API.csproj", "{EB492E86-4D54-48FE-900D-0E59E07DE55B}"
EndProject
Project("{FAE04EC0-301F-11D3-BF4B-00C04F79EFBC}") = "Bosai.Interview.Service", "Bosai.Interview.Service\Bosai.Interview.Service.csproj", "{0512783F-792C-436E-A62D-ABCD9F46FEE6}"
EndProject
Project("{FAE04EC0-301F-11D3-BF4B-00C04F79EFBC}") = "Bosai.Interview.Service.Contracts", "Bosai.Interview.Service.Contracts\Bosai.Interview.Service.Contracts.csproj", "{714AAC2F-37D1-4D7E-80F3-D957228958DC}"
EndProject
Project("{FAE04EC0-301F-11D3-BF4B-00C04F79EFBC}") = "Bosai.Interview.Repository", "Bosai.Interview.Repository\Bosai.Interview.Repository.csproj", "{7B974056-1E15-4DCF-9503-C217B3CB1028}"
EndProject
Project("{FAE04EC0-301F-11D3-BF4B-00C04F79EFBC}") = "Bosai.Interview.Entity", "Bosai.Interview.Entity\Bosai.Interview.Entity.csproj", "{3E525EC2-8698-4E52-A648-33FD73C0FD8B}"
EndProject
Global
	GlobalSection(SolutionConfigurationPlatforms) = preSolution
		Debug|Any CPU = Debug|Any CPU
		Release|Any CPU = Release|Any CPU
	EndGlobalSection
	GlobalSection(ProjectConfigurationPlatforms) = postSolution
		{EB492E86-4D54-48FE-900D-0E59E07DE55B}.Debug|Any CPU.ActiveCfg = Debug|Any CPU
		{EB492E86-4D54-48FE-900D-0E59E07DE55B}.Debug|Any CPU.Build.0 = Debug|Any CPU
		{EB492E86-4D54-48FE-900D-0E59E07DE55B}.Release|Any CPU.ActiveCfg = Release|Any CPU
		{EB492E86-4D54-48FE-900D-0E59E07DE55B}.Release|Any CPU.Build.0 = Release|Any CPU
		{0512783F-792C-436E-A62D-ABCD9F46FEE6}.Debug|Any CPU.ActiveCfg = Debug|Any CPU
		{0512783F-792C-436E-A62D-ABCD9F46FEE6}.Debug|Any CPU.Build.0 = Debug|Any CPU
		{0512783F-792C-436E-A62D-ABCD9F46FEE6}.Release|Any CPU.ActiveCfg = Release|Any CPU
		{0512783F-792C-436E-A62D-ABCD9F46FEE6}.Release|Any CPU.Build.0 = Release|Any CPU
		{714AAC2F-37D1-4D7E-80F3-D957228958DC}.Debug|Any CPU.ActiveCfg = Debug|Any CPU
		{714AAC2F-37D1-4D7E-80F3-D957228958DC}.Debug|Any CPU.Build.0 = Debug|Any CPU
		{714AAC2F-37D1-4D7E-80F3-D957228958DC}.Release|Any CPU.ActiveCfg = Release|Any CPU
		{714AAC2F-37D1-4D7E-80F3-D957228958DC}.Release|Any CPU.Build.0 = Release|Any CPU
		{7B974056-1E15-4DCF-9503-C217B3CB1028}.Debug|Any CPU.ActiveCfg = Debug|Any CPU
		{7B974056-1E15-4DCF-9503-C217B3CB1028}.Debug|Any CPU.Build.0 = Debug|Any CPU
		{7B974056-1E15-4DCF-9503-C217B3CB1028}.Release|Any CPU.ActiveCfg = Release|Any CPU
		{7B974056-1E15-4DCF-9503-C217B3CB1028}.Release|Any CPU.Build.0 = Release|Any CPU
		{3E525EC2-8698-4E52-A648-33FD73C0FD8B}.Debug|Any CPU.ActiveCfg = Debug|Any CPU
		{3E525EC2-8698-4E52-A648-33FD73C0FD8B}.Debug|Any CPU.Build.0 = Debug|Any CPU
		{3E525EC2-8698-4E52-A648-33FD73C0FD8B}.Release|Any CPU.ActiveCfg = Release|Any CPU
		{3E525EC2-8698-4E52-A648-33FD73C0FD8B}.Release|Any CPU.Build.0 = Release|Any CPU
	EndGlobalSection
	GlobalSection(SolutionProperties) = preSolution
		HideSolutionNode = FALSE
	EndGlobalSection
	GlobalSection(ExtensibilityGlobals) = postSolution
		SolutionGuid = {8326CCBE-458E-4B65-B1FA-052679357E21}
	EndGlobalSection
EndGlobal
